
Microsoft Visual Studio Solution File, Format Version 12.00
# Visual Studio Version 16
VisualStudioVersion = 16.0.30611.23
MinimumVisualStudioVersion = 10.0.40219.1
Project("{FAE04EC0-301F-11D3-BF4B-00C04F79EFBC}") = "WebApplication1", "WebApplication1.csproj", "{0EA6AD60-5B04-4116-B0D6-04D0F2E35A84}"
EndProject
Global
	GlobalSection(SolutionConfigurationPlatforms) = preSolution
		Debug|Any CPU = Debug|Any CPU
		Release|Any CPU = Release|Any CPU
	EndGlobalSection
	GlobalSection(ProjectConfigurationPlatforms) = postSolution
		{0EA6AD60-5B04-4116-B0D6-04D0F2E35A84}.Debug|Any CPU.ActiveCfg = Debug|Any CPU
		{0EA6AD60-5B04-4116-B0D6-04D0F2E35A84}.Debug|Any CPU.Build.0 = Debug|Any CPU
		{0EA6AD60-5B04-4116-B0D6-04D0F2E35A84}.Release|Any CPU.ActiveCfg = Release|Any CPU
		{0EA6AD60-5B04-4116-B0D6-04D0F2E35A84}.Release|Any CPU.Build.0 = Release|Any CPU
	EndGlobalSection
	GlobalSection(SolutionProperties) = preSolution
		HideSolutionNode = FALSE
	EndGlobalSection
	GlobalSection(ExtensibilityGlobals) = postSolution
		SolutionGuid = {D032E8B9-AD33-4A20-B57C-0831991CFEBC}
	EndGlobalSection
EndGlobal
