
Microsoft Visual Studio Solution File, Format Version 12.00
# Visual Studio Version 16
VisualStudioVersion = 16.0.30611.23
MinimumVisualStudioVersion = 10.0.40219.1
Project("{FAE04EC0-301F-11D3-BF4B-00C04F79EFBC}") = "BlazorApp1", "BlazorApp1.csproj", "{E58F576D-9AFC-4161-A0F4-55D40D1D58FF}"
EndProject
Global
	GlobalSection(SolutionConfigurationPlatforms) = preSolution
		Debug|Any CPU = Debug|Any CPU
		Release|Any CPU = Release|Any CPU
	EndGlobalSection
	GlobalSection(ProjectConfigurationPlatforms) = postSolution
		{E58F576D-9AFC-4161-A0F4-55D40D1D58FF}.Debug|Any CPU.ActiveCfg = Debug|Any CPU
		{E58F576D-9AFC-4161-A0F4-55D40D1D58FF}.Debug|Any CPU.Build.0 = Debug|Any CPU
		{E58F576D-9AFC-4161-A0F4-55D40D1D58FF}.Release|Any CPU.ActiveCfg = Release|Any CPU
		{E58F576D-9AFC-4161-A0F4-55D40D1D58FF}.Release|Any CPU.Build.0 = Release|Any CPU
	EndGlobalSection
	GlobalSection(SolutionProperties) = preSolution
		HideSolutionNode = FALSE
	EndGlobalSection
	GlobalSection(ExtensibilityGlobals) = postSolution
		SolutionGuid = {58420EDF-6CBB-4605-B5FF-870CE907CD74}
	EndGlobalSection
EndGlobal
